{
  "name": "stayontask",
  "lockfileVersion": 3,
  "requires": true,
  "packages": {
    "": {
      "dependencies": {
        "stayontask": "file:.."
      }
    },
    "..": {
      "version": "0.1.0",
      "dependencies": {
        "@dnd-kit/core": "^6.3.1",
        "@dnd-kit/sortable": "^10.0.0",
        "@heroicons/react": "^2.0.18",
        "@testing-library/dom": "^10.4.0",
        "@testing-library/jest-dom": "^6.6.3",
        "@testing-library/react": "^16.3.0",
        "@testing-library/user-event": "^13.5.0",
        "autoprefixer": "^10.4.14",
        "postcss": "^8.4.27",
        "react": "^18.2.0",
        "react-dom": "^18.2.0",
        "react-router-dom": "^6.20.0",
        "tailwindcss": "^3.3.3",
        "web-vitals": "^2.1.4"
      },
      "devDependencies": {
        "@tailwindcss/postcss": "^4.1.7",
        "@types/dnd-kit__core": "^6.0.2",
        "@types/dnd-kit__sortable": "^10.0.0",
        "@types/react": "^19.1.8",
        "@types/react-dom": "^18.2.7",
        "@types/react-router-dom": "^5.3.3",
        "@types/testing-library__jest-dom": "^5.9.11",
        "@types/testing-library__user-event": "^14.2.2",
        "@vitejs/plugin-react": "^4.0.3",
        "eslint": "^8.57.0",
        "eslint-plugin-react-hooks": "^4.6.0",
        "eslint-plugin-react-refresh": "^0.4.5",
        "typescript": "^5.4.5",
        "vite": "^4.4.5"
      }
    },
    "node_modules/stayontask": {
      "resolved": "..",
      "link": true
    }
  }
}
